
Microsoft Visual Studio Solution File, Format Version 12.00
# Visual Studio Version 17
VisualStudioVersion = 17.12.35506.116 d17.12
MinimumVisualStudioVersion = 10.0.40219.1
Project("{FAE04EC0-301F-11D3-BF4B-00C04F79EFBC}") = "Korn.Plugins.ExternalInterface", "Korn.Plugins.ExternalInterface\Korn.Plugins.ExternalInterface.csproj", "{8C0E6284-0734-4502-9FC6-0374E06F0994}"
EndProject
Project("{2150E333-8FDC-42A3-9474-1A3956D46DE8}") = "Korn", "Korn", "{E051CF1B-140E-41F7-9551-D396340241A2}"
EndProject
Project("{FAE04EC0-301F-11D3-BF4B-00C04F79EFBC}") = "Korn.Logger", "..\Korn.Logger\Korn.Logger\Korn.Logger.csproj", "{924E3680-2A61-4B32-8537-0A9CDA6795C3}"
EndProject
Project("{FAE04EC0-301F-11D3-BF4B-00C04F79EFBC}") = "Korn.Utils.System", "..\Korn.Utils.System\Korn.Utils.System\Korn.Utils.System.csproj", "{CE194072-0832-4A46-8B77-D7CA515244BD}"
EndProject
Global
	GlobalSection(SolutionConfigurationPlatforms) = preSolution
		Debug|Any CPU = Debug|Any CPU
		Debug|x64 = Debug|x64
		Release|Any CPU = Release|Any CPU
		Release|x64 = Release|x64
	EndGlobalSection
	GlobalSection(ProjectConfigurationPlatforms) = postSolution
		{8C0E6284-0734-4502-9FC6-0374E06F0994}.Debug|Any CPU.ActiveCfg = Debug|Any CPU
		{8C0E6284-0734-4502-9FC6-0374E06F0994}.Debug|Any CPU.Build.0 = Debug|Any CPU
		{8C0E6284-0734-4502-9FC6-0374E06F0994}.Debug|x64.ActiveCfg = Debug|x64
		{8C0E6284-0734-4502-9FC6-0374E06F0994}.Debug|x64.Build.0 = Debug|x64
		{8C0E6284-0734-4502-9FC6-0374E06F0994}.Release|Any CPU.ActiveCfg = Release|Any CPU
		{8C0E6284-0734-4502-9FC6-0374E06F0994}.Release|Any CPU.Build.0 = Release|Any CPU
		{8C0E6284-0734-4502-9FC6-0374E06F0994}.Release|x64.ActiveCfg = Release|x64
		{8C0E6284-0734-4502-9FC6-0374E06F0994}.Release|x64.Build.0 = Release|x64
		{924E3680-2A61-4B32-8537-0A9CDA6795C3}.Debug|Any CPU.ActiveCfg = Debug|Any CPU
		{924E3680-2A61-4B32-8537-0A9CDA6795C3}.Debug|Any CPU.Build.0 = Debug|Any CPU
		{924E3680-2A61-4B32-8537-0A9CDA6795C3}.Debug|x64.ActiveCfg = Debug|x64
		{924E3680-2A61-4B32-8537-0A9CDA6795C3}.Debug|x64.Build.0 = Debug|x64
		{924E3680-2A61-4B32-8537-0A9CDA6795C3}.Release|Any CPU.ActiveCfg = Release|Any CPU
		{924E3680-2A61-4B32-8537-0A9CDA6795C3}.Release|Any CPU.Build.0 = Release|Any CPU
		{924E3680-2A61-4B32-8537-0A9CDA6795C3}.Release|x64.ActiveCfg = Release|x64
		{924E3680-2A61-4B32-8537-0A9CDA6795C3}.Release|x64.Build.0 = Release|x64
		{CE194072-0832-4A46-8B77-D7CA515244BD}.Debug|Any CPU.ActiveCfg = Debug|x64
		{CE194072-0832-4A46-8B77-D7CA515244BD}.Debug|Any CPU.Build.0 = Debug|x64
		{CE194072-0832-4A46-8B77-D7CA515244BD}.Debug|x64.ActiveCfg = Debug|x64
		{CE194072-0832-4A46-8B77-D7CA515244BD}.Debug|x64.Build.0 = Debug|x64
		{CE194072-0832-4A46-8B77-D7CA515244BD}.Release|Any CPU.ActiveCfg = Release|x64
		{CE194072-0832-4A46-8B77-D7CA515244BD}.Release|Any CPU.Build.0 = Release|x64
		{CE194072-0832-4A46-8B77-D7CA515244BD}.Release|x64.ActiveCfg = Release|x64
		{CE194072-0832-4A46-8B77-D7CA515244BD}.Release|x64.Build.0 = Release|x64
	EndGlobalSection
	GlobalSection(SolutionProperties) = preSolution
		HideSolutionNode = FALSE
	EndGlobalSection
	GlobalSection(NestedProjects) = preSolution
		{924E3680-2A61-4B32-8537-0A9CDA6795C3} = {E051CF1B-140E-41F7-9551-D396340241A2}
		{CE194072-0832-4A46-8B77-D7CA515244BD} = {E051CF1B-140E-41F7-9551-D396340241A2}
	EndGlobalSection
EndGlobal
